
Microsoft Visual Studio Solution File, Format Version 12.00
Project("{FAE04EC0-301F-11D3-BF4B-00C04F79EFBC}") = "Ararem.RayTracer.Display.SpectreConsole", "Ararem.RayTracer.Display.SpectreConsole\Ararem.RayTracer.Display.SpectreConsole.csproj", "{86809C08-B10A-4AA2-8893-6E04EABADBA4}"
EndProject
Project("{FAE04EC0-301F-11D3-BF4B-00C04F79EFBC}") = "Ararem.RayTracer.Core", "Ararem.RayTracer.Core\Ararem.RayTracer.Core.csproj", "{70AADC39-0491-4146-A2BC-DFD982AB85D9}"
EndProject
Project("{FAE04EC0-301F-11D3-BF4B-00C04F79EFBC}") = "Ararem.RayTracer.Benchmarks", "Ararem.RayTracer.Benchmarks\Ararem.RayTracer.Benchmarks.csproj", "{9FB2EBD7-F182-444F-A2FC-BA29B0BE2546}"
EndProject
Project("{FAE04EC0-301F-11D3-BF4B-00C04F79EFBC}") = "Ararem.RayTracer.Display.EtoForms", "Ararem.RayTracer.Display.EtoForms\Ararem.RayTracer.Display.EtoForms.csproj", "{4DABAA2E-DD3E-46AA-9A63-F16D1810C18F}"
EndProject
Project("{FAE04EC0-301F-11D3-BF4B-00C04F79EFBC}") = "Ararem.RayTracer.Impl", "Ararem.RayTracer.Impl\Ararem.RayTracer.Impl.csproj", "{D476E398-50B1-4D3A-9CFC-0465A2F223AC}"
EndProject
Project("{FAE04EC0-301F-11D3-BF4B-00C04F79EFBC}") = "Ararem.RayTracer.Display.Dev", "Ararem.RayTracer.Display.Dev\Ararem.RayTracer.Display.Dev.csproj", "{F20C49FB-F1E7-41EA-930A-821A1F3A7FDE}"
EndProject
Project("{FAE04EC0-301F-11D3-BF4B-00C04F79EFBC}") = "LibArarem.Core", "LibArarem\LibArarem.Core\LibArarem.Core.csproj", "{20424E9C-9FE5-417C-AB91-228F48823FBC}"
EndProject
Global
	GlobalSection(SolutionConfigurationPlatforms) = preSolution
		Debug|Any CPU = Debug|Any CPU
		Release|Any CPU = Release|Any CPU
	EndGlobalSection
	GlobalSection(ProjectConfigurationPlatforms) = postSolution
		{86809C08-B10A-4AA2-8893-6E04EABADBA4}.Debug|Any CPU.ActiveCfg = Debug|Any CPU
		{86809C08-B10A-4AA2-8893-6E04EABADBA4}.Debug|Any CPU.Build.0 = Debug|Any CPU
		{86809C08-B10A-4AA2-8893-6E04EABADBA4}.Release|Any CPU.ActiveCfg = Release|Any CPU
		{86809C08-B10A-4AA2-8893-6E04EABADBA4}.Release|Any CPU.Build.0 = Release|Any CPU
		{70AADC39-0491-4146-A2BC-DFD982AB85D9}.Debug|Any CPU.ActiveCfg = Debug|Any CPU
		{70AADC39-0491-4146-A2BC-DFD982AB85D9}.Debug|Any CPU.Build.0 = Debug|Any CPU
		{70AADC39-0491-4146-A2BC-DFD982AB85D9}.Release|Any CPU.ActiveCfg = Release|Any CPU
		{70AADC39-0491-4146-A2BC-DFD982AB85D9}.Release|Any CPU.Build.0 = Release|Any CPU
		{9FB2EBD7-F182-444F-A2FC-BA29B0BE2546}.Debug|Any CPU.ActiveCfg = Debug|Any CPU
		{9FB2EBD7-F182-444F-A2FC-BA29B0BE2546}.Debug|Any CPU.Build.0 = Debug|Any CPU
		{9FB2EBD7-F182-444F-A2FC-BA29B0BE2546}.Release|Any CPU.ActiveCfg = Release|Any CPU
		{9FB2EBD7-F182-444F-A2FC-BA29B0BE2546}.Release|Any CPU.Build.0 = Release|Any CPU
		{4DABAA2E-DD3E-46AA-9A63-F16D1810C18F}.Debug|Any CPU.ActiveCfg = Debug|Any CPU
		{4DABAA2E-DD3E-46AA-9A63-F16D1810C18F}.Debug|Any CPU.Build.0 = Debug|Any CPU
		{4DABAA2E-DD3E-46AA-9A63-F16D1810C18F}.Release|Any CPU.ActiveCfg = Release|Any CPU
		{4DABAA2E-DD3E-46AA-9A63-F16D1810C18F}.Release|Any CPU.Build.0 = Release|Any CPU
		{D476E398-50B1-4D3A-9CFC-0465A2F223AC}.Debug|Any CPU.ActiveCfg = Debug|Any CPU
		{D476E398-50B1-4D3A-9CFC-0465A2F223AC}.Debug|Any CPU.Build.0 = Debug|Any CPU
		{D476E398-50B1-4D3A-9CFC-0465A2F223AC}.Release|Any CPU.ActiveCfg = Release|Any CPU
		{D476E398-50B1-4D3A-9CFC-0465A2F223AC}.Release|Any CPU.Build.0 = Release|Any CPU
		{F20C49FB-F1E7-41EA-930A-821A1F3A7FDE}.Debug|Any CPU.ActiveCfg = Debug|Any CPU
		{F20C49FB-F1E7-41EA-930A-821A1F3A7FDE}.Debug|Any CPU.Build.0 = Debug|Any CPU
		{F20C49FB-F1E7-41EA-930A-821A1F3A7FDE}.Release|Any CPU.ActiveCfg = Release|Any CPU
		{F20C49FB-F1E7-41EA-930A-821A1F3A7FDE}.Release|Any CPU.Build.0 = Release|Any CPU
		{20424E9C-9FE5-417C-AB91-228F48823FBC}.Debug|Any CPU.ActiveCfg = Debug|Any CPU
		{20424E9C-9FE5-417C-AB91-228F48823FBC}.Debug|Any CPU.Build.0 = Debug|Any CPU
		{20424E9C-9FE5-417C-AB91-228F48823FBC}.Release|Any CPU.ActiveCfg = Release|Any CPU
		{20424E9C-9FE5-417C-AB91-228F48823FBC}.Release|Any CPU.Build.0 = Release|Any CPU
	EndGlobalSection
EndGlobal
